
Microsoft Visual Studio Solution File, Format Version 12.00
# Visual Studio 15
VisualStudioVersion = 15.0.27130.2027
MinimumVisualStudioVersion = 10.0.40219.1
Project("{FAE04EC0-301F-11D3-BF4B-00C04F79EFBC}") = "BlairConsoleApp_BeforeRefactoring", "BlairConsoleApp_BeforeRefactoring\BlairConsoleApp_BeforeRefactoring.csproj", "{B6D5E45C-E584-4493-A6FC-545B2F709270}"
EndProject
Global
	GlobalSection(SolutionConfigurationPlatforms) = preSolution
		Debug|Any CPU = Debug|Any CPU
		Release|Any CPU = Release|Any CPU
	EndGlobalSection
	GlobalSection(ProjectConfigurationPlatforms) = postSolution
		{B6D5E45C-E584-4493-A6FC-545B2F709270}.Debug|Any CPU.ActiveCfg = Debug|Any CPU
		{B6D5E45C-E584-4493-A6FC-545B2F709270}.Debug|Any CPU.Build.0 = Debug|Any CPU
		{B6D5E45C-E584-4493-A6FC-545B2F709270}.Release|Any CPU.ActiveCfg = Release|Any CPU
		{B6D5E45C-E584-4493-A6FC-545B2F709270}.Release|Any CPU.Build.0 = Release|Any CPU
	EndGlobalSection
	GlobalSection(SolutionProperties) = preSolution
		HideSolutionNode = FALSE
	EndGlobalSection
	GlobalSection(ExtensibilityGlobals) = postSolution
		SolutionGuid = {395A526E-D0E1-426A-8C8A-55114A0B9B2F}
	EndGlobalSection
EndGlobal
